// !$*UTF8*$!
{
	archiveVersion = 1;
	classes = {
	};
	objectVersion = 56;
	objects = {

/* Begin PBXBuildFile section */
		BEC51EAA2BDFBF510064F857 /* CustomPickerApp.swift in Sources */ = {isa = PBXBuildFile; fileRef = BEC51EA92BDFBF510064F857 /* CustomPickerApp.swift */; };
		BEC51EAC2BDFBF510064F857 /* ContentView.swift in Sources */ = {isa = PBXBuildFile; fileRef = BEC51EAB2BDFBF510064F857 /* ContentView.swift */; };
		BEC51EAE2BDFBF550064F857 /* Assets.xcassets in Resources */ = {isa = PBXBuildFile; fileRef = BEC51EAD2BDFBF550064F857 /* Assets.xcassets */; };
		BEC51EB12BDFBF550064F857 /* Preview Assets.xcassets in Resources */ = {isa = PBXBuildFile; fileRef = BEC51EB02BDFBF550064F857 /* Preview Assets.xcassets */; };
		BEC51EB92BDFBFA70064F857 /* PickerData.swift in Sources */ = {isa = PBXBuildFile; fileRef = BEC51EB82BDFBFA70064F857 /* PickerData.swift */; };
		BEC51EBC2BDFBFEF0064F857 /* PickerViewModel.swift in Sources */ = {isa = PBXBuildFile; fileRef = BEC51EBB2BDFBFEF0064F857 /* PickerViewModel.swift */; };
		BEC51EBF2BDFC0FD0064F857 /* PhotoPickerView.swift in Sources */ = {isa = PBXBuildFile; fileRef = BEC51EBE2BDFC0FD0064F857 /* PhotoPickerView.swift */; };
		BEC51EC22BDFC4C00064F857 /* UniversalPicker.swift in Sources */ = {isa = PBXBuildFile; fileRef = BEC51EC12BDFC4C00064F857 /* UniversalPicker.swift */; };
		BEC51EC42BDFC6F50064F857 /* LabelledPicker.swift in Sources */ = {isa = PBXBuildFile; fileRef = BEC51EC32BDFC6F50064F857 /* LabelledPicker.swift */; };
/* End PBXBuildFile section */

/* Begin PBXFileReference section */
		BEC51EA62BDFBF510064F857 /* CustomPicker.app */ = {isa = PBXFileReference; explicitFileType = wrapper.application; includeInIndex = 0; path = CustomPicker.app; sourceTree = BUILT_PRODUCTS_DIR; };
		BEC51EA92BDFBF510064F857 /* CustomPickerApp.swift */ = {isa = PBXFileReference; lastKnownFileType = sourcecode.swift; path = CustomPickerApp.swift; sourceTree = "<group>"; };
		BEC51EAB2BDFBF510064F857 /* ContentView.swift */ = {isa = PBXFileReference; lastKnownFileType = sourcecode.swift; path = ContentView.swift; sourceTree = "<group>"; };
		BEC51EAD2BDFBF550064F857 /* Assets.xcassets */ = {isa = PBXFileReference; lastKnownFileType = folder.assetcatalog; path = Assets.xcassets; sourceTree = "<group>"; };
		BEC51EB02BDFBF550064F857 /* Preview Assets.xcassets */ = {isa = PBXFileReference; lastKnownFileType = folder.assetcatalog; path = "Preview Assets.xcassets"; sourceTree = "<group>"; };
		BEC51EB82BDFBFA70064F857 /* PickerData.swift */ = {isa = PBXFileReference; lastKnownFileType = sourcecode.swift; path = PickerData.swift; sourceTree = "<group>"; };
		BEC51EBB2BDFBFEF0064F857 /* PickerViewModel.swift */ = {isa = PBXFileReference; lastKnownFileType = sourcecode.swift; path = PickerViewModel.swift; sourceTree = "<group>"; };
		BEC51EBE2BDFC0FD0064F857 /* PhotoPickerView.swift */ = {isa = PBXFileReference; lastKnownFileType = sourcecode.swift; path = PhotoPickerView.swift; sourceTree = "<group>"; };
		BEC51EC12BDFC4C00064F857 /* UniversalPicker.swift */ = {isa = PBXFileReference; lastKnownFileType = sourcecode.swift; path = UniversalPicker.swift; sourceTree = "<group>"; };
		BEC51EC32BDFC6F50064F857 /* LabelledPicker.swift */ = {isa = PBXFileReference; lastKnownFileType = sourcecode.swift; path = LabelledPicker.swift; sourceTree = "<group>"; };
/* End PBXFileReference section */

/* Begin PBXFrameworksBuildPhase section */
		BEC51EA32BDFBF510064F857 /* Frameworks */ = {
			isa = PBXFrameworksBuildPhase;
			buildActionMask = 2147483647;
			files = (
			);
			runOnlyForDeploymentPostprocessing = 0;
		};
/* End PBXFrameworksBuildPhase section */

/* Begin PBXGroup section */
		BEC51E9D2BDFBF510064F857 = {
			isa = PBXGroup;
			children = (
				BEC51EA82BDFBF510064F857 /* CustomPicker */,
				BEC51EA72BDFBF510064F857 /* Products */,
			);
			sourceTree = "<group>";
		};
		BEC51EA72BDFBF510064F857 /* Products */ = {
			isa = PBXGroup;
			children = (
				BEC51EA62BDFBF510064F857 /* CustomPicker.app */,
			);
			name = Products;
			sourceTree = "<group>";
		};
		BEC51EA82BDFBF510064F857 /* CustomPicker */ = {
			isa = PBXGroup;
			children = (
				BEC51EB72BDFBF9B0064F857 /* Model */,
				BEC51EBA2BDFBFD90064F857 /* ViewModel */,
				BEC51EC02BDFC4490064F857 /* View */,
				BEC51EBD2BDFC0D40064F857 /* Utils */,
				BEC51EA92BDFBF510064F857 /* CustomPickerApp.swift */,
				BEC51EAD2BDFBF550064F857 /* Assets.xcassets */,
				BEC51EAF2BDFBF550064F857 /* Preview Content */,
			);
			path = CustomPicker;
			sourceTree = "<group>";
		};
		BEC51EAF2BDFBF550064F857 /* Preview Content */ = {
			isa = PBXGroup;
			children = (
				BEC51EB02BDFBF550064F857 /* Preview Assets.xcassets */,
			);
			path = "Preview Content";
			sourceTree = "<group>";
		};
		BEC51EB72BDFBF9B0064F857 /* Model */ = {
			isa = PBXGroup;
			children = (
				BEC51EB82BDFBFA70064F857 /* PickerData.swift */,
			);
			path = Model;
			sourceTree = "<group>";
		};
		BEC51EBA2BDFBFD90064F857 /* ViewModel */ = {
			isa = PBXGroup;
			children = (
				BEC51EBB2BDFBFEF0064F857 /* PickerViewModel.swift */,
			);
			path = ViewModel;
			sourceTree = "<group>";
		};
		BEC51EBD2BDFC0D40064F857 /* Utils */ = {
			isa = PBXGroup;
			children = (
				BEC51EBE2BDFC0FD0064F857 /* PhotoPickerView.swift */,
			);
			path = Utils;
			sourceTree = "<group>";
		};
		BEC51EC02BDFC4490064F857 /* View */ = {
			isa = PBXGroup;
			children = (
				BEC51EAB2BDFBF510064F857 /* ContentView.swift */,
				BEC51EC12BDFC4C00064F857 /* UniversalPicker.swift */,
				BEC51EC32BDFC6F50064F857 /* LabelledPicker.swift */,
			);
			path = View;
			sourceTree = "<group>";
		};
/* End PBXGroup section */

/* Begin PBXNativeTarget section */
		BEC51EA52BDFBF510064F857 /* CustomPicker */ = {
			isa = PBXNativeTarget;
			buildConfigurationList = BEC51EB42BDFBF550064F857 /* Build configuration list for PBXNativeTarget "CustomPicker" */;
			buildPhases = (
				BEC51EA22BDFBF510064F857 /* Sources */,
				BEC51EA32BDFBF510064F857 /* Frameworks */,
				BEC51EA42BDFBF510064F857 /* Resources */,
			);
			buildRules = (
			);
			dependencies = (
			);
			name = CustomPicker;
			productName = CustomPicker;
			productReference = BEC51EA62BDFBF510064F857 /* CustomPicker.app */;
			productType = "com.apple.product-type.application";
		};
/* End PBXNativeTarget section */

/* Begin PBXProject section */
		BEC51E9E2BDFBF510064F857 /* Project object */ = {
			isa = PBXProject;
			attributes = {
				BuildIndependentTargetsInParallel = 1;
				LastSwiftUpdateCheck = 1530;
				LastUpgradeCheck = 1530;
				TargetAttributes = {
					BEC51EA52BDFBF510064F857 = {
						CreatedOnToolsVersion = 15.3;
					};
				};
			};
			buildConfigurationList = BEC51EA12BDFBF510064F857 /* Build configuration list for PBXProject "CustomPicker" */;
			compatibilityVersion = "Xcode 14.0";
			developmentRegion = en;
			hasScannedForEncodings = 0;
			knownRegions = (
				en,
				Base,
			);
			mainGroup = BEC51E9D2BDFBF510064F857;
			productRefGroup = BEC51EA72BDFBF510064F857 /* Products */;
			projectDirPath = "";
			projectRoot = "";
			targets = (
				BEC51EA52BDFBF510064F857 /* CustomPicker */,
			);
		};
/* End PBXProject section */

/* Begin PBXResourcesBuildPhase section */
		BEC51EA42BDFBF510064F857 /* Resources */ = {
			isa = PBXResourcesBuildPhase;
			buildActionMask = 2147483647;
			files = (
				BEC51EB12BDFBF550064F857 /* Preview Assets.xcassets in Resources */,
				BEC51EAE2BDFBF550064F857 /* Assets.xcassets in Resources */,
			);
			runOnlyForDeploymentPostprocessing = 0;
		};
/* End PBXResourcesBuildPhase section */

/* Begin PBXSourcesBuildPhase section */
		BEC51EA22BDFBF510064F857 /* Sources */ = {
			isa = PBXSourcesBuildPhase;
			buildActionMask = 2147483647;
			files = (
				BEC51EAC2BDFBF510064F857 /* ContentView.swift in Sources */,
				BEC51EAA2BDFBF510064F857 /* CustomPickerApp.swift in Sources */,
				BEC51EBC2BDFBFEF0064F857 /* PickerViewModel.swift in Sources */,
				BEC51EC22BDFC4C00064F857 /* UniversalPicker.swift in Sources */,
				BEC51EC42BDFC6F50064F857 /* LabelledPicker.swift in Sources */,
				BEC51EBF2BDFC0FD0064F857 /* PhotoPickerView.swift in Sources */,
				BEC51EB92BDFBFA70064F857 /* PickerData.swift in Sources */,
			);
			runOnlyForDeploymentPostprocessing = 0;
		};
/* End PBXSourcesBuildPhase section */

/* Begin XCBuildConfiguration section */
		BEC51EB22BDFBF550064F857 /* Debug */ = {
			isa = XCBuildConfiguration;
			buildSettings = {
				ALWAYS_SEARCH_USER_PATHS = NO;
				ASSETCATALOG_COMPILER_GENERATE_SWIFT_ASSET_SYMBOL_EXTENSIONS = YES;
				CLANG_ANALYZER_NONNULL = YES;
				CLANG_ANALYZER_NUMBER_OBJECT_CONVERSION = YES_AGGRESSIVE;
				CLANG_CXX_LANGUAGE_STANDARD = "gnu++20";
				CLANG_ENABLE_MODULES = YES;
				CLANG_ENABLE_OBJC_ARC = YES;
				CLANG_ENABLE_OBJC_WEAK = YES;
				CLANG_WARN_BLOCK_CAPTURE_AUTORELEASING = YES;
				CLANG_WARN_BOOL_CONVERSION = YES;
				CLANG_WARN_COMMA = YES;
				CLANG_WARN_CONSTANT_CONVERSION = YES;
				CLANG_WARN_DEPRECATED_OBJC_IMPLEMENTATIONS = YES;
				CLANG_WARN_DIRECT_OBJC_ISA_USAGE = YES_ERROR;
				CLANG_WARN_DOCUMENTATION_COMMENTS = YES;
				CLANG_WARN_EMPTY_BODY = YES;
				CLANG_WARN_ENUM_CONVERSION = YES;
				CLANG_WARN_INFINITE_RECURSION = YES;
				CLANG_WARN_INT_CONVERSION = YES;
				CLANG_WARN_NON_LITERAL_NULL_CONVERSION = YES;
				CLANG_WARN_OBJC_IMPLICIT_RETAIN_SELF = YES;
				CLANG_WARN_OBJC_LITERAL_CONVERSION = YES;
				CLANG_WARN_OBJC_ROOT_CLASS = YES_ERROR;
				CLANG_WARN_QUOTED_INCLUDE_IN_FRAMEWORK_HEADER = YES;
				CLANG_WARN_RANGE_LOOP_ANALYSIS = YES;
				CLANG_WARN_STRICT_PROTOTYPES = YES;
				CLANG_WARN_SUSPICIOUS_MOVE = YES;
				CLANG_WARN_UNGUARDED_AVAILABILITY = YES_AGGRESSIVE;
				CLANG_WARN_UNREACHABLE_CODE = YES;
				CLANG_WARN__DUPLICATE_METHOD_MATCH = YES;
				COPY_PHASE_STRIP = NO;
				DEBUG_INFORMATION_FORMAT = dwarf;
				ENABLE_STRICT_OBJC_MSGSEND = YES;
				ENABLE_TESTABILITY = YES;
				ENABLE_USER_SCRIPT_SANDBOXING = YES;
				GCC_C_LANGUAGE_STANDARD = gnu17;
				GCC_DYNAMIC_NO_PIC = NO;
				GCC_NO_COMMON_BLOCKS = YES;
				GCC_OPTIMIZATION_LEVEL = 0;
				GCC_PREPROCESSOR_DEFINITIONS = (
					"DEBUG=1",
					"$(inherited)",
				);
				GCC_WARN_64_TO_32_BIT_CONVERSION = YES;
				GCC_WARN_ABOUT_RETURN_TYPE = YES_ERROR;
				GCC_WARN_UNDECLARED_SELECTOR = YES;
				GCC_WARN_UNINITIALIZED_AUTOS = YES_AGGRESSIVE;
				GCC_WARN_UNUSED_FUNCTION = YES;
				GCC_WARN_UNUSED_VARIABLE = YES;
				IPHONEOS_DEPLOYMENT_TARGET = 17.4;
				LOCALIZATION_PREFERS_STRING_CATALOGS = YES;
				MTL_ENABLE_DEBUG_INFO = INCLUDE_SOURCE;
				MTL_FAST_MATH = YES;
				ONLY_ACTIVE_ARCH = YES;
				SDKROOT = iphoneos;
				SWIFT_ACTIVE_COMPILATION_CONDITIONS = "DEBUG $(inherited)";
				SWIFT_OPTIMIZATION_LEVEL = "-Onone";
			};
			name = Debug;
		};
		BEC51EB32BDFBF550064F857 /* Release */ = {
			isa = XCBuildConfiguration;
			buildSettings = {
				ALWAYS_SEARCH_USER_PATHS = NO;
				ASSETCATALOG_COMPILER_GENERATE_SWIFT_ASSET_SYMBOL_EXTENSIONS = YES;
				CLANG_ANALYZER_NONNULL = YES;
				CLANG_ANALYZER_NUMBER_OBJECT_CONVERSION = YES_AGGRESSIVE;
				CLANG_CXX_LANGUAGE_STANDARD = "gnu++20";
				CLANG_ENABLE_MODULES = YES;
				CLANG_ENABLE_OBJC_ARC = YES;
				CLANG_ENABLE_OBJC_WEAK = YES;
				CLANG_WARN_BLOCK_CAPTURE_AUTORELEASING = YES;
				CLANG_WARN_BOOL_CONVERSION = YES;
				CLANG_WARN_COMMA = YES;
				CLANG_WARN_CONSTANT_CONVERSION = YES;
				CLANG_WARN_DEPRECATED_OBJC_IMPLEMENTATIONS = YES;
				CLANG_WARN_DIRECT_OBJC_ISA_USAGE = YES_ERROR;
				CLANG_WARN_DOCUMENTATION_COMMENTS = YES;
				CLANG_WARN_EMPTY_BODY = YES;
				CLANG_WARN_ENUM_CONVERSION = YES;
				CLANG_WARN_INFINITE_RECURSION = YES;
				CLANG_WARN_INT_CONVERSION = YES;
				CLANG_WARN_NON_LITERAL_NULL_CONVERSION = YES;
				CLANG_WARN_OBJC_IMPLICIT_RETAIN_SELF = YES;
				CLANG_WARN_OBJC_LITERAL_CONVERSION = YES;
				CLANG_WARN_OBJC_ROOT_CLASS = YES_ERROR;
				CLANG_WARN_QUOTED_INCLUDE_IN_FRAMEWORK_HEADER = YES;
				CLANG_WARN_RANGE_LOOP_ANALYSIS = YES;
				CLANG_WARN_STRICT_PROTOTYPES = YES;
				CLANG_WARN_SUSPICIOUS_MOVE = YES;
				CLANG_WARN_UNGUARDED_AVAILABILITY = YES_AGGRESSIVE;
				CLANG_WARN_UNREACHABLE_CODE = YES;
				CLANG_WARN__DUPLICATE_METHOD_MATCH = YES;
				COPY_PHASE_STRIP = NO;
				DEBUG_INFORMATION_FORMAT = "dwarf-with-dsym";
				ENABLE_NS_ASSERTIONS = NO;
				ENABLE_STRICT_OBJC_MSGSEND = YES;
				ENABLE_USER_SCRIPT_SANDBOXING = YES;
				GCC_C_LANGUAGE_STANDARD = gnu17;
				GCC_NO_COMMON_BLOCKS = YES;
				GCC_WARN_64_TO_32_BIT_CONVERSION = YES;
				GCC_WARN_ABOUT_RETURN_TYPE = YES_ERROR;
				GCC_WARN_UNDECLARED_SELECTOR = YES;
				GCC_WARN_UNINITIALIZED_AUTOS = YES_AGGRESSIVE;
				GCC_WARN_UNUSED_FUNCTION = YES;
				GCC_WARN_UNUSED_VARIABLE = YES;
				IPHONEOS_DEPLOYMENT_TARGET = 17.4;
				LOCALIZATION_PREFERS_STRING_CATALOGS = YES;
				MTL_ENABLE_DEBUG_INFO = NO;
				MTL_FAST_MATH = YES;
				SDKROOT = iphoneos;
				SWIFT_COMPILATION_MODE = wholemodule;
				VALIDATE_PRODUCT = YES;
			};
			name = Release;
		};
		BEC51EB52BDFBF550064F857 /* Debug */ = {
			isa = XCBuildConfiguration;
			buildSettings = {
				ASSETCATALOG_COMPILER_APPICON_NAME = AppIcon;
				ASSETCATALOG_COMPILER_GLOBAL_ACCENT_COLOR_NAME = AccentColor;
				CODE_SIGN_STYLE = Automatic;
				CURRENT_PROJECT_VERSION = 1;
				DEVELOPMENT_ASSET_PATHS = "\"CustomPicker/Preview Content\"";
				DEVELOPMENT_TEAM = D6LZWF2S6D;
				ENABLE_PREVIEWS = YES;
				GENERATE_INFOPLIST_FILE = YES;
				INFOPLIST_KEY_UIApplicationSceneManifest_Generation = YES;
				INFOPLIST_KEY_UIApplicationSupportsIndirectInputEvents = YES;
				INFOPLIST_KEY_UILaunchScreen_Generation = YES;
				INFOPLIST_KEY_UISupportedInterfaceOrientations_iPad = "UIInterfaceOrientationPortrait UIInterfaceOrientationPortraitUpsideDown UIInterfaceOrientationLandscapeLeft UIInterfaceOrientationLandscapeRight";
				INFOPLIST_KEY_UISupportedInterfaceOrientations_iPhone = "UIInterfaceOrientationPortrait UIInterfaceOrientationLandscapeLeft UIInterfaceOrientationLandscapeRight";
				LD_RUNPATH_SEARCH_PATHS = (
					"$(inherited)",
					"@executable_path/Frameworks",
				);
				MARKETING_VERSION = 1.0;
				PRODUCT_BUNDLE_IDENTIFIER = pouyasari.CustomPicker;
				PRODUCT_NAME = "$(TARGET_NAME)";
				SWIFT_EMIT_LOC_STRINGS = YES;
				SWIFT_VERSION = 5.0;
				TARGETED_DEVICE_FAMILY = "1,2";
			};
			name = Debug;
		};
		BEC51EB62BDFBF550064F857 /* Release */ = {
			isa = XCBuildConfiguration;
			buildSettings = {
				ASSETCATALOG_COMPILER_APPICON_NAME = AppIcon;
				ASSETCATALOG_COMPILER_GLOBAL_ACCENT_COLOR_NAME = AccentColor;
				CODE_SIGN_STYLE = Automatic;
				CURRENT_PROJECT_VERSION = 1;
				DEVELOPMENT_ASSET_PATHS = "\"CustomPicker/Preview Content\"";
				DEVELOPMENT_TEAM = D6LZWF2S6D;
				ENABLE_PREVIEWS = YES;
				GENERATE_INFOPLIST_FILE = YES;
				INFOPLIST_KEY_UIApplicationSceneManifest_Generation = YES;
				INFOPLIST_KEY_UIApplicationSupportsIndirectInputEvents = YES;
				INFOPLIST_KEY_UILaunchScreen_Generation = YES;
				INFOPLIST_KEY_UISupportedInterfaceOrientations_iPad = "UIInterfaceOrientationPortrait UIInterfaceOrientationPortraitUpsideDown UIInterfaceOrientationLandscapeLeft UIInterfaceOrientationLandscapeRight";
				INFOPLIST_KEY_UISupportedInterfaceOrientations_iPhone = "UIInterfaceOrientationPortrait UIInterfaceOrientationLandscapeLeft UIInterfaceOrientationLandscapeRight";
				LD_RUNPATH_SEARCH_PATHS = (
					"$(inherited)",
					"@executable_path/Frameworks",
				);
				MARKETING_VERSION = 1.0;
				PRODUCT_BUNDLE_IDENTIFIER = pouyasari.CustomPicker;
				PRODUCT_NAME = "$(TARGET_NAME)";
				SWIFT_EMIT_LOC_STRINGS = YES;
				SWIFT_VERSION = 5.0;
				TARGETED_DEVICE_FAMILY = "1,2";
			};
			name = Release;
		};
/* End XCBuildConfiguration section */

/* Begin XCConfigurationList section */
		BEC51EA12BDFBF510064F857 /* Build configuration list for PBXProject "CustomPicker" */ = {
			isa = XCConfigurationList;
			buildConfigurations = (
				BEC51EB22BDFBF550064F857 /* Debug */,
				BEC51EB32BDFBF550064F857 /* Release */,
			);
			defaultConfigurationIsVisible = 0;
			defaultConfigurationName = Release;
		};
		BEC51EB42BDFBF550064F857 /* Build configuration list for PBXNativeTarget "CustomPicker" */ = {
			isa = XCConfigurationList;
			buildConfigurations = (
				BEC51EB52BDFBF550064F857 /* Debug */,
				BEC51EB62BDFBF550064F857 /* Release */,
			);
			defaultConfigurationIsVisible = 0;
			defaultConfigurationName = Release;
		};
/* End XCConfigurationList section */
	};
	rootObject = BEC51E9E2BDFBF510064F857 /* Project object */;
}
